
Microsoft Visual Studio Solution File, Format Version 12.00
# Visual Studio Version 17
VisualStudioVersion = 17.5.002.0
MinimumVisualStudioVersion = 10.0.40219.1
Project("{2150E333-8FDC-42A3-9474-1A3956D46DE8}") = "prepare", "prepare", "{C83D8974-64AF-4E71-91A0-17D17BD013F8}"
EndProject
Project("{9A19103F-16F7-4668-BE54-9A1E7A4F7556}") = "Learning02", "prepare\Learning02\Learning02.csproj", "{41E0E184-57AF-419C-B319-79453F7F32AF}"
EndProject
Project("{9A19103F-16F7-4668-BE54-9A1E7A4F7556}") = "Learning05", "prepare\Learning05\Learning05.csproj", "{0EA665DE-B1E0-48AD-8E0B-0A6EB8FC6BFD}"
EndProject
Project("{9A19103F-16F7-4668-BE54-9A1E7A4F7556}") = "Learning04", "prepare\Learning04\Learning04.csproj", "{4FCAAC9A-85D7-4EBC-955D-59E78C0D083C}"
EndProject
Project("{9A19103F-16F7-4668-BE54-9A1E7A4F7556}") = "Learning03", "prepare\Learning03\Learning03.csproj", "{5C53D8FD-5710-4D88-8A56-74BF98FC2D92}"
EndProject
Project("{2150E333-8FDC-42A3-9474-1A3956D46DE8}") = "prove", "prove", "{E5762987-1135-40D3-9C45-00EB650D80FA}"
EndProject
Project("{9A19103F-16F7-4668-BE54-9A1E7A4F7556}") = "Develop03", "prove\Develop03\Develop03.csproj", "{62C4709F-A583-4BEA-AD29-4222E9AE8321}"
EndProject
Project("{9A19103F-16F7-4668-BE54-9A1E7A4F7556}") = "Develop04", "prove\Develop04\Develop04.csproj", "{26E41F14-38EC-4F03-9D35-12100F6DABCD}"
EndProject
Project("{9A19103F-16F7-4668-BE54-9A1E7A4F7556}") = "Develop05", "prove\Develop05\Develop05.csproj", "{3394E1CB-D147-4075-99C9-B20B1C9C437D}"
EndProject
Project("{9A19103F-16F7-4668-BE54-9A1E7A4F7556}") = "Develop02", "prove\Develop02\Develop02.csproj", "{6CE41896-FD0C-4350-9BDE-BBA281C8F69D}"
EndProject
Project("{2150E333-8FDC-42A3-9474-1A3956D46DE8}") = "sandbox", "sandbox", "{F531DD20-D0B8-47F7-9EF8-FEC6C03B6C56}"
EndProject
Project("{9A19103F-16F7-4668-BE54-9A1E7A4F7556}") = "Sandbox", "sandbox\Sandbox\Sandbox.csproj", "{AD7D800F-77B1-40B0-80F6-E6A53885C20C}"
EndProject
Project("{2150E333-8FDC-42A3-9474-1A3956D46DE8}") = "final", "final", "{626CBF32-76CD-43A7-94A2-CE7327F7CF20}"
EndProject
Project("{9A19103F-16F7-4668-BE54-9A1E7A4F7556}") = "FinalProject", "final\FinalProject\FinalProject.csproj", "{2B342F91-F22D-4828-936B-E5B6D7707C89}"
EndProject
Project("{9A19103F-16F7-4668-BE54-9A1E7A4F7556}") = "Foundation1", "final\Foundation1\Foundation1.csproj", "{7606F0A7-EACD-4850-83A5-E911FC95AE7D}"
EndProject
Project("{9A19103F-16F7-4668-BE54-9A1E7A4F7556}") = "Foundation4", "final\Foundation4\Foundation4.csproj", "{3F21ECA3-8487-406D-8855-98DC6EBEE87E}"
EndProject
Project("{9A19103F-16F7-4668-BE54-9A1E7A4F7556}") = "Foundation3", "final\Foundation3\Foundation3.csproj", "{F9036D02-45C8-44F5-83D5-2E0CDC90CFA1}"
EndProject
Project("{9A19103F-16F7-4668-BE54-9A1E7A4F7556}") = "Foundation2", "final\Foundation2\Foundation2.csproj", "{A27F24FC-0A46-4C5A-936E-959F7B9661D0}"
EndProject
Project("{2150E333-8FDC-42A3-9474-1A3956D46DE8}") = "csharp-prep", "csharp-prep", "{13C90A2D-9636-4BA7-B9F9-E5500A01702A}"
EndProject
Project("{9A19103F-16F7-4668-BE54-9A1E7A4F7556}") = "Prep1", "csharp-prep\Prep1\Prep1.csproj", "{B71312D3-3A7F-4389-9EA7-BE9903207CE0}"
EndProject
Project("{9A19103F-16F7-4668-BE54-9A1E7A4F7556}") = "Prep5", "csharp-prep\Prep5\Prep5.csproj", "{42125C44-7DD4-4EAC-97E5-91B020C6AB45}"
EndProject
Project("{9A19103F-16F7-4668-BE54-9A1E7A4F7556}") = "Prep2", "csharp-prep\Prep2\Prep2.csproj", "{744C4BFD-D7DC-4D5A-965F-D5DF8E23BC2A}"
EndProject
Project("{9A19103F-16F7-4668-BE54-9A1E7A4F7556}") = "Prep3", "csharp-prep\Prep3\Prep3.csproj", "{481F9E93-8499-4170-8256-33A1223820DC}"
EndProject
Project("{9A19103F-16F7-4668-BE54-9A1E7A4F7556}") = "Prep4", "csharp-prep\Prep4\Prep4.csproj", "{43054403-7D2B-4F89-8E34-CFE3574722DF}"
EndProject
Global
	GlobalSection(SolutionConfigurationPlatforms) = preSolution
		Debug|Any CPU = Debug|Any CPU
		Release|Any CPU = Release|Any CPU
	EndGlobalSection
	GlobalSection(ProjectConfigurationPlatforms) = postSolution
		{41E0E184-57AF-419C-B319-79453F7F32AF}.Debug|Any CPU.ActiveCfg = Debug|Any CPU
		{41E0E184-57AF-419C-B319-79453F7F32AF}.Debug|Any CPU.Build.0 = Debug|Any CPU
		{41E0E184-57AF-419C-B319-79453F7F32AF}.Release|Any CPU.ActiveCfg = Release|Any CPU
		{41E0E184-57AF-419C-B319-79453F7F32AF}.Release|Any CPU.Build.0 = Release|Any CPU
		{0EA665DE-B1E0-48AD-8E0B-0A6EB8FC6BFD}.Debug|Any CPU.ActiveCfg = Debug|Any CPU
		{0EA665DE-B1E0-48AD-8E0B-0A6EB8FC6BFD}.Debug|Any CPU.Build.0 = Debug|Any CPU
		{0EA665DE-B1E0-48AD-8E0B-0A6EB8FC6BFD}.Release|Any CPU.ActiveCfg = Release|Any CPU
		{0EA665DE-B1E0-48AD-8E0B-0A6EB8FC6BFD}.Release|Any CPU.Build.0 = Release|Any CPU
		{4FCAAC9A-85D7-4EBC-955D-59E78C0D083C}.Debug|Any CPU.ActiveCfg = Debug|Any CPU
		{4FCAAC9A-85D7-4EBC-955D-59E78C0D083C}.Debug|Any CPU.Build.0 = Debug|Any CPU
		{4FCAAC9A-85D7-4EBC-955D-59E78C0D083C}.Release|Any CPU.ActiveCfg = Release|Any CPU
		{4FCAAC9A-85D7-4EBC-955D-59E78C0D083C}.Release|Any CPU.Build.0 = Release|Any CPU
		{5C53D8FD-5710-4D88-8A56-74BF98FC2D92}.Debug|Any CPU.ActiveCfg = Debug|Any CPU
		{5C53D8FD-5710-4D88-8A56-74BF98FC2D92}.Debug|Any CPU.Build.0 = Debug|Any CPU
		{5C53D8FD-5710-4D88-8A56-74BF98FC2D92}.Release|Any CPU.ActiveCfg = Release|Any CPU
		{5C53D8FD-5710-4D88-8A56-74BF98FC2D92}.Release|Any CPU.Build.0 = Release|Any CPU
		{62C4709F-A583-4BEA-AD29-4222E9AE8321}.Debug|Any CPU.ActiveCfg = Debug|Any CPU
		{62C4709F-A583-4BEA-AD29-4222E9AE8321}.Debug|Any CPU.Build.0 = Debug|Any CPU
		{62C4709F-A583-4BEA-AD29-4222E9AE8321}.Release|Any CPU.ActiveCfg = Release|Any CPU
		{62C4709F-A583-4BEA-AD29-4222E9AE8321}.Release|Any CPU.Build.0 = Release|Any CPU
		{26E41F14-38EC-4F03-9D35-12100F6DABCD}.Debug|Any CPU.ActiveCfg = Debug|Any CPU
		{26E41F14-38EC-4F03-9D35-12100F6DABCD}.Debug|Any CPU.Build.0 = Debug|Any CPU
		{26E41F14-38EC-4F03-9D35-12100F6DABCD}.Release|Any CPU.ActiveCfg = Release|Any CPU
		{26E41F14-38EC-4F03-9D35-12100F6DABCD}.Release|Any CPU.Build.0 = Release|Any CPU
		{3394E1CB-D147-4075-99C9-B20B1C9C437D}.Debug|Any CPU.ActiveCfg = Debug|Any CPU
		{3394E1CB-D147-4075-99C9-B20B1C9C437D}.Debug|Any CPU.Build.0 = Debug|Any CPU
		{3394E1CB-D147-4075-99C9-B20B1C9C437D}.Release|Any CPU.ActiveCfg = Release|Any CPU
		{3394E1CB-D147-4075-99C9-B20B1C9C437D}.Release|Any CPU.Build.0 = Release|Any CPU
		{6CE41896-FD0C-4350-9BDE-BBA281C8F69D}.Debug|Any CPU.ActiveCfg = Debug|Any CPU
		{6CE41896-FD0C-4350-9BDE-BBA281C8F69D}.Debug|Any CPU.Build.0 = Debug|Any CPU
		{6CE41896-FD0C-4350-9BDE-BBA281C8F69D}.Release|Any CPU.ActiveCfg = Release|Any CPU
		{6CE41896-FD0C-4350-9BDE-BBA281C8F69D}.Release|Any CPU.Build.0 = Release|Any CPU
		{AD7D800F-77B1-40B0-80F6-E6A53885C20C}.Debug|Any CPU.ActiveCfg = Debug|Any CPU
		{AD7D800F-77B1-40B0-80F6-E6A53885C20C}.Debug|Any CPU.Build.0 = Debug|Any CPU
		{AD7D800F-77B1-40B0-80F6-E6A53885C20C}.Release|Any CPU.ActiveCfg = Release|Any CPU
		{AD7D800F-77B1-40B0-80F6-E6A53885C20C}.Release|Any CPU.Build.0 = Release|Any CPU
		{2B342F91-F22D-4828-936B-E5B6D7707C89}.Debug|Any CPU.ActiveCfg = Debug|Any CPU
		{2B342F91-F22D-4828-936B-E5B6D7707C89}.Debug|Any CPU.Build.0 = Debug|Any CPU
		{2B342F91-F22D-4828-936B-E5B6D7707C89}.Release|Any CPU.ActiveCfg = Release|Any CPU
		{2B342F91-F22D-4828-936B-E5B6D7707C89}.Release|Any CPU.Build.0 = Release|Any CPU
		{7606F0A7-EACD-4850-83A5-E911FC95AE7D}.Debug|Any CPU.ActiveCfg = Debug|Any CPU
		{7606F0A7-EACD-4850-83A5-E911FC95AE7D}.Debug|Any CPU.Build.0 = Debug|Any CPU
		{7606F0A7-EACD-4850-83A5-E911FC95AE7D}.Release|Any CPU.ActiveCfg = Release|Any CPU
		{7606F0A7-EACD-4850-83A5-E911FC95AE7D}.Release|Any CPU.Build.0 = Release|Any CPU
		{3F21ECA3-8487-406D-8855-98DC6EBEE87E}.Debug|Any CPU.ActiveCfg = Debug|Any CPU
		{3F21ECA3-8487-406D-8855-98DC6EBEE87E}.Debug|Any CPU.Build.0 = Debug|Any CPU
		{3F21ECA3-8487-406D-8855-98DC6EBEE87E}.Release|Any CPU.ActiveCfg = Release|Any CPU
		{3F21ECA3-8487-406D-8855-98DC6EBEE87E}.Release|Any CPU.Build.0 = Release|Any CPU
		{F9036D02-45C8-44F5-83D5-2E0CDC90CFA1}.Debug|Any CPU.ActiveCfg = Debug|Any CPU
		{F9036D02-45C8-44F5-83D5-2E0CDC90CFA1}.Debug|Any CPU.Build.0 = Debug|Any CPU
		{F9036D02-45C8-44F5-83D5-2E0CDC90CFA1}.Release|Any CPU.ActiveCfg = Release|Any CPU
		{F9036D02-45C8-44F5-83D5-2E0CDC90CFA1}.Release|Any CPU.Build.0 = Release|Any CPU
		{A27F24FC-0A46-4C5A-936E-959F7B9661D0}.Debug|Any CPU.ActiveCfg = Debug|Any CPU
		{A27F24FC-0A46-4C5A-936E-959F7B9661D0}.Debug|Any CPU.Build.0 = Debug|Any CPU
		{A27F24FC-0A46-4C5A-936E-959F7B9661D0}.Release|Any CPU.ActiveCfg = Release|Any CPU
		{A27F24FC-0A46-4C5A-936E-959F7B9661D0}.Release|Any CPU.Build.0 = Release|Any CPU
		{B71312D3-3A7F-4389-9EA7-BE9903207CE0}.Debug|Any CPU.ActiveCfg = Debug|Any CPU
		{B71312D3-3A7F-4389-9EA7-BE9903207CE0}.Debug|Any CPU.Build.0 = Debug|Any CPU
		{B71312D3-3A7F-4389-9EA7-BE9903207CE0}.Release|Any CPU.ActiveCfg = Release|Any CPU
		{B71312D3-3A7F-4389-9EA7-BE9903207CE0}.Release|Any CPU.Build.0 = Release|Any CPU
		{42125C44-7DD4-4EAC-97E5-91B020C6AB45}.Debug|Any CPU.ActiveCfg = Debug|Any CPU
		{42125C44-7DD4-4EAC-97E5-91B020C6AB45}.Debug|Any CPU.Build.0 = Debug|Any CPU
		{42125C44-7DD4-4EAC-97E5-91B020C6AB45}.Release|Any CPU.ActiveCfg = Release|Any CPU
		{42125C44-7DD4-4EAC-97E5-91B020C6AB45}.Release|Any CPU.Build.0 = Release|Any CPU
		{744C4BFD-D7DC-4D5A-965F-D5DF8E23BC2A}.Debug|Any CPU.ActiveCfg = Debug|Any CPU
		{744C4BFD-D7DC-4D5A-965F-D5DF8E23BC2A}.Debug|Any CPU.Build.0 = Debug|Any CPU
		{744C4BFD-D7DC-4D5A-965F-D5DF8E23BC2A}.Release|Any CPU.ActiveCfg = Release|Any CPU
		{744C4BFD-D7DC-4D5A-965F-D5DF8E23BC2A}.Release|Any CPU.Build.0 = Release|Any CPU
		{481F9E93-8499-4170-8256-33A1223820DC}.Debug|Any CPU.ActiveCfg = Debug|Any CPU
		{481F9E93-8499-4170-8256-33A1223820DC}.Debug|Any CPU.Build.0 = Debug|Any CPU
		{481F9E93-8499-4170-8256-33A1223820DC}.Release|Any CPU.ActiveCfg = Release|Any CPU
		{481F9E93-8499-4170-8256-33A1223820DC}.Release|Any CPU.Build.0 = Release|Any CPU
		{43054403-7D2B-4F89-8E34-CFE3574722DF}.Debug|Any CPU.ActiveCfg = Debug|Any CPU
		{43054403-7D2B-4F89-8E34-CFE3574722DF}.Debug|Any CPU.Build.0 = Debug|Any CPU
		{43054403-7D2B-4F89-8E34-CFE3574722DF}.Release|Any CPU.ActiveCfg = Release|Any CPU
		{43054403-7D2B-4F89-8E34-CFE3574722DF}.Release|Any CPU.Build.0 = Release|Any CPU
	EndGlobalSection
	GlobalSection(SolutionProperties) = preSolution
		HideSolutionNode = FALSE
	EndGlobalSection
	GlobalSection(NestedProjects) = preSolution
		{41E0E184-57AF-419C-B319-79453F7F32AF} = {C83D8974-64AF-4E71-91A0-17D17BD013F8}
		{0EA665DE-B1E0-48AD-8E0B-0A6EB8FC6BFD} = {C83D8974-64AF-4E71-91A0-17D17BD013F8}
		{4FCAAC9A-85D7-4EBC-955D-59E78C0D083C} = {C83D8974-64AF-4E71-91A0-17D17BD013F8}
		{5C53D8FD-5710-4D88-8A56-74BF98FC2D92} = {C83D8974-64AF-4E71-91A0-17D17BD013F8}
		{62C4709F-A583-4BEA-AD29-4222E9AE8321} = {E5762987-1135-40D3-9C45-00EB650D80FA}
		{26E41F14-38EC-4F03-9D35-12100F6DABCD} = {E5762987-1135-40D3-9C45-00EB650D80FA}
		{3394E1CB-D147-4075-99C9-B20B1C9C437D} = {E5762987-1135-40D3-9C45-00EB650D80FA}
		{6CE41896-FD0C-4350-9BDE-BBA281C8F69D} = {E5762987-1135-40D3-9C45-00EB650D80FA}
		{AD7D800F-77B1-40B0-80F6-E6A53885C20C} = {F531DD20-D0B8-47F7-9EF8-FEC6C03B6C56}
		{2B342F91-F22D-4828-936B-E5B6D7707C89} = {626CBF32-76CD-43A7-94A2-CE7327F7CF20}
		{7606F0A7-EACD-4850-83A5-E911FC95AE7D} = {626CBF32-76CD-43A7-94A2-CE7327F7CF20}
		{3F21ECA3-8487-406D-8855-98DC6EBEE87E} = {626CBF32-76CD-43A7-94A2-CE7327F7CF20}
		{F9036D02-45C8-44F5-83D5-2E0CDC90CFA1} = {626CBF32-76CD-43A7-94A2-CE7327F7CF20}
		{A27F24FC-0A46-4C5A-936E-959F7B9661D0} = {626CBF32-76CD-43A7-94A2-CE7327F7CF20}
		{B71312D3-3A7F-4389-9EA7-BE9903207CE0} = {13C90A2D-9636-4BA7-B9F9-E5500A01702A}
		{42125C44-7DD4-4EAC-97E5-91B020C6AB45} = {13C90A2D-9636-4BA7-B9F9-E5500A01702A}
		{744C4BFD-D7DC-4D5A-965F-D5DF8E23BC2A} = {13C90A2D-9636-4BA7-B9F9-E5500A01702A}
		{481F9E93-8499-4170-8256-33A1223820DC} = {13C90A2D-9636-4BA7-B9F9-E5500A01702A}
		{43054403-7D2B-4F89-8E34-CFE3574722DF} = {13C90A2D-9636-4BA7-B9F9-E5500A01702A}
	EndGlobalSection
	GlobalSection(ExtensibilityGlobals) = postSolution
		SolutionGuid = {CBFB5466-A391-43F6-916A-2719FC9052B9}
	EndGlobalSection
EndGlobal
